Microsoft Visual Studio Solution File, Format Version 11.00
# Visual Studio 2008

Project("{C2BAE915-0FDC-9705-3A19-FB66DB5C78E9}") = "LorenzAtractor", "Assembly-CSharp-firstpass.csproj", "{C4836340-BDE5-2D41-B515-265923325875}"
EndProject
Project("{C2BAE915-0FDC-9705-3A19-FB66DB5C78E9}") = "LorenzAtractor", "Assembly-CSharp.csproj", "{774D2749-8B4E-B099-33ED-B7697454A771}"
EndProject
Project("{C2BAE915-0FDC-9705-3A19-FB66DB5C78E9}") = "LorenzAtractor", "Assembly-UnityScript-firstpass.unityproj", "{0654AEA0-1535-E3B1-E68F-1DE682BA6932}"
EndProject
Project("{C2BAE915-0FDC-9705-3A19-FB66DB5C78E9}") = "LorenzAtractor", "Assembly-UnityScript-Editor-firstpass.unityproj", "{F1F42A55-A63E-6FE4-9095-DBB83CA0A70A}"
EndProject
Global
	GlobalSection(SolutionConfigurationPlatforms) = preSolution
		Debug|Any CPU = Debug|Any CPU
		Release|Any CPU = Release|Any CPU
	EndGlobalSection
	GlobalSection(ProjectConfigurationPlatforms) = postSolution
		{C4836340-BDE5-2D41-B515-265923325875}.Debug|Any CPU.ActiveCfg = Debug|Any CPU
		{C4836340-BDE5-2D41-B515-265923325875}.Debug|Any CPU.Build.0 = Debug|Any CPU
		{C4836340-BDE5-2D41-B515-265923325875}.Release|Any CPU.ActiveCfg = Release|Any CPU
		{C4836340-BDE5-2D41-B515-265923325875}.Release|Any CPU.Build.0 = Release|Any CPU
		{774D2749-8B4E-B099-33ED-B7697454A771}.Debug|Any CPU.ActiveCfg = Debug|Any CPU
		{774D2749-8B4E-B099-33ED-B7697454A771}.Debug|Any CPU.Build.0 = Debug|Any CPU
		{774D2749-8B4E-B099-33ED-B7697454A771}.Release|Any CPU.ActiveCfg = Release|Any CPU
		{774D2749-8B4E-B099-33ED-B7697454A771}.Release|Any CPU.Build.0 = Release|Any CPU
		{0654AEA0-1535-E3B1-E68F-1DE682BA6932}.Debug|Any CPU.ActiveCfg = Debug|Any CPU
		{0654AEA0-1535-E3B1-E68F-1DE682BA6932}.Debug|Any CPU.Build.0 = Debug|Any CPU
		{0654AEA0-1535-E3B1-E68F-1DE682BA6932}.Release|Any CPU.ActiveCfg = Release|Any CPU
		{0654AEA0-1535-E3B1-E68F-1DE682BA6932}.Release|Any CPU.Build.0 = Release|Any CPU
		{F1F42A55-A63E-6FE4-9095-DBB83CA0A70A}.Debug|Any CPU.ActiveCfg = Debug|Any CPU
		{F1F42A55-A63E-6FE4-9095-DBB83CA0A70A}.Debug|Any CPU.Build.0 = Debug|Any CPU
		{F1F42A55-A63E-6FE4-9095-DBB83CA0A70A}.Release|Any CPU.ActiveCfg = Release|Any CPU
		{F1F42A55-A63E-6FE4-9095-DBB83CA0A70A}.Release|Any CPU.Build.0 = Release|Any CPU
	EndGlobalSection
	GlobalSection(SolutionProperties) = preSolution
		HideSolutionNode = FALSE
	EndGlobalSection
	
EndGlobal
